// !$*UTF8*$!
{
	archiveVersion = 1;
	classes = {
	};
	objectVersion = 56;
	objects = {

/* Begin PBXBuildFile section */
		EB07277A2C31F3B90092369F /* SettingsView.swift in Sources */ = {isa = PBXBuildFile; fileRef = EB0727792C31F3B90092369F /* SettingsView.swift */; };
		EB22DFD62C30112F00EB0DDD /* SetPoint Watch App.app in Embed Watch Content */ = {isa = PBXBuildFile; fileRef = EB22DFD52C30112F00EB0DDD /* SetPoint Watch App.app */; settings = {ATTRIBUTES = (RemoveHeadersOnCopy, ); }; };
		EB22DFDB2C30112F00EB0DDD /* SetPointApp.swift in Sources */ = {isa = PBXBuildFile; fileRef = EB22DFDA2C30112F00EB0DDD /* SetPointApp.swift */; };
		EB22DFDD2C30112F00EB0DDD /* ContentView.swift in Sources */ = {isa = PBXBuildFile; fileRef = EB22DFDC2C30112F00EB0DDD /* ContentView.swift */; };
		EB22DFDF2C30113200EB0DDD /* Assets.xcassets in Resources */ = {isa = PBXBuildFile; fileRef = EB22DFDE2C30113200EB0DDD /* Assets.xcassets */; };
		EB22DFE22C30113200EB0DDD /* Preview Assets.xcassets in Resources */ = {isa = PBXBuildFile; fileRef = EB22DFE12C30113200EB0DDD /* Preview Assets.xcassets */; };
		EB22DFEC2C30113200EB0DDD /* MatchTests.swift in Sources */ = {isa = PBXBuildFile; fileRef = EB22DFEB2C30113200EB0DDD /* MatchTests.swift */; };
		EB22DFF62C30113200EB0DDD /* SetPoint_Watch_AppUITests.swift in Sources */ = {isa = PBXBuildFile; fileRef = EB22DFF52C30113200EB0DDD /* SetPoint_Watch_AppUITests.swift */; };
		EB22DFF82C30113200EB0DDD /* SetPoint_Watch_AppUITestsLaunchTests.swift in Sources */ = {isa = PBXBuildFile; fileRef = EB22DFF72C30113200EB0DDD /* SetPoint_Watch_AppUITestsLaunchTests.swift */; };
		EB22E00C2C3014B500EB0DDD /* Player.swift in Sources */ = {isa = PBXBuildFile; fileRef = EB22E00B2C3014B500EB0DDD /* Player.swift */; };
		EB22E00E2C30365300EB0DDD /* Match.swift in Sources */ = {isa = PBXBuildFile; fileRef = EB22E00D2C30365300EB0DDD /* Match.swift */; };
		EB22E0122C30A1A400EB0DDD /* EndedSet.swift in Sources */ = {isa = PBXBuildFile; fileRef = EB22E0112C30A1A400EB0DDD /* EndedSet.swift */; };
		EB22E0142C31AB2200EB0DDD /* PlayerTests.swift in Sources */ = {isa = PBXBuildFile; fileRef = EB22E0132C31AB2200EB0DDD /* PlayerTests.swift */; };
		EB22E0162C31AD3C00EB0DDD /* Point.swift in Sources */ = {isa = PBXBuildFile; fileRef = EB22E0152C31AD3C00EB0DDD /* Point.swift */; };
		EB25C8C12C34A5C000DD597C /* Localizable.xcstrings in Resources */ = {isa = PBXBuildFile; fileRef = EB25C8C02C34A5C000DD597C /* Localizable.xcstrings */; };
		EBB569602C341BF600B050EB /* SettingsViewModel.swift in Sources */ = {isa = PBXBuildFile; fileRef = EBB5695F2C341BF600B050EB /* SettingsViewModel.swift */; };
/* End PBXBuildFile section */

/* Begin PBXContainerItemProxy section */
		EB22DFD72C30112F00EB0DDD /* PBXContainerItemProxy */ = {
			isa = PBXContainerItemProxy;
			containerPortal = EB22DFC92C30112F00EB0DDD /* Project object */;
			proxyType = 1;
			remoteGlobalIDString = EB22DFD42C30112F00EB0DDD;
			remoteInfo = "SetPoint Watch App";
		};
		EB22DFE82C30113200EB0DDD /* PBXContainerItemProxy */ = {
			isa = PBXContainerItemProxy;
			containerPortal = EB22DFC92C30112F00EB0DDD /* Project object */;
			proxyType = 1;
			remoteGlobalIDString = EB22DFD42C30112F00EB0DDD;
			remoteInfo = "SetPoint Watch App";
		};
		EB22DFF22C30113200EB0DDD /* PBXContainerItemProxy */ = {
			isa = PBXContainerItemProxy;
			containerPortal = EB22DFC92C30112F00EB0DDD /* Project object */;
			proxyType = 1;
			remoteGlobalIDString = EB22DFD42C30112F00EB0DDD;
			remoteInfo = "SetPoint Watch App";
		};
/* End PBXContainerItemProxy section */

/* Begin PBXCopyFilesBuildPhase section */
		EB22DFFE2C30113200EB0DDD /* Embed Watch Content */ = {
			isa = PBXCopyFilesBuildPhase;
			buildActionMask = 2147483647;
			dstPath = "$(CONTENTS_FOLDER_PATH)/Watch";
			dstSubfolderSpec = 16;
			files = (
				EB22DFD62C30112F00EB0DDD /* SetPoint Watch App.app in Embed Watch Content */,
			);
			name = "Embed Watch Content";
			runOnlyForDeploymentPostprocessing = 0;
		};
/* End PBXCopyFilesBuildPhase section */

/* Begin PBXFileReference section */
		EB0727792C31F3B90092369F /* SettingsView.swift */ = {isa = PBXFileReference; lastKnownFileType = sourcecode.swift; path = SettingsView.swift; sourceTree = "<group>"; };
		EB22DFCF2C30112F00EB0DDD /* SetPoint.app */ = {isa = PBXFileReference; explicitFileType = wrapper.application; includeInIndex = 0; path = SetPoint.app; sourceTree = BUILT_PRODUCTS_DIR; };
		EB22DFD52C30112F00EB0DDD /* SetPoint Watch App.app */ = {isa = PBXFileReference; explicitFileType = wrapper.application; includeInIndex = 0; path = "SetPoint Watch App.app"; sourceTree = BUILT_PRODUCTS_DIR; };
		EB22DFDA2C30112F00EB0DDD /* SetPointApp.swift */ = {isa = PBXFileReference; lastKnownFileType = sourcecode.swift; path = SetPointApp.swift; sourceTree = "<group>"; };
		EB22DFDC2C30112F00EB0DDD /* ContentView.swift */ = {isa = PBXFileReference; lastKnownFileType = sourcecode.swift; path = ContentView.swift; sourceTree = "<group>"; };
		EB22DFDE2C30113200EB0DDD /* Assets.xcassets */ = {isa = PBXFileReference; lastKnownFileType = folder.assetcatalog; path = Assets.xcassets; sourceTree = "<group>"; };
		EB22DFE12C30113200EB0DDD /* Preview Assets.xcassets */ = {isa = PBXFileReference; lastKnownFileType = folder.assetcatalog; path = "Preview Assets.xcassets"; sourceTree = "<group>"; };
		EB22DFE72C30113200EB0DDD /* SetPoint Watch AppTests.xctest */ = {isa = PBXFileReference; explicitFileType = wrapper.cfbundle; includeInIndex = 0; path = "SetPoint Watch AppTests.xctest"; sourceTree = BUILT_PRODUCTS_DIR; };
		EB22DFEB2C30113200EB0DDD /* MatchTests.swift */ = {isa = PBXFileReference; lastKnownFileType = sourcecode.swift; path = MatchTests.swift; sourceTree = "<group>"; };
		EB22DFF12C30113200EB0DDD /* SetPoint Watch AppUITests.xctest */ = {isa = PBXFileReference; explicitFileType = wrapper.cfbundle; includeInIndex = 0; path = "SetPoint Watch AppUITests.xctest"; sourceTree = BUILT_PRODUCTS_DIR; };
		EB22DFF52C30113200EB0DDD /* SetPoint_Watch_AppUITests.swift */ = {isa = PBXFileReference; lastKnownFileType = sourcecode.swift; path = SetPoint_Watch_AppUITests.swift; sourceTree = "<group>"; };
		EB22DFF72C30113200EB0DDD /* SetPoint_Watch_AppUITestsLaunchTests.swift */ = {isa = PBXFileReference; lastKnownFileType = sourcecode.swift; path = SetPoint_Watch_AppUITestsLaunchTests.swift; sourceTree = "<group>"; };
		EB22E00B2C3014B500EB0DDD /* Player.swift */ = {isa = PBXFileReference; lastKnownFileType = sourcecode.swift; path = Player.swift; sourceTree = "<group>"; };
		EB22E00D2C30365300EB0DDD /* Match.swift */ = {isa = PBXFileReference; lastKnownFileType = sourcecode.swift; path = Match.swift; sourceTree = "<group>"; };
		EB22E0112C30A1A400EB0DDD /* EndedSet.swift */ = {isa = PBXFileReference; lastKnownFileType = sourcecode.swift; path = EndedSet.swift; sourceTree = "<group>"; };
		EB22E0132C31AB2200EB0DDD /* PlayerTests.swift */ = {isa = PBXFileReference; lastKnownFileType = sourcecode.swift; path = PlayerTests.swift; sourceTree = "<group>"; };
		EB22E0152C31AD3C00EB0DDD /* Point.swift */ = {isa = PBXFileReference; lastKnownFileType = sourcecode.swift; path = Point.swift; sourceTree = "<group>"; };
		EB25C8C02C34A5C000DD597C /* Localizable.xcstrings */ = {isa = PBXFileReference; lastKnownFileType = text.json.xcstrings; path = Localizable.xcstrings; sourceTree = "<group>"; };
		EBB5695F2C341BF600B050EB /* SettingsViewModel.swift */ = {isa = PBXFileReference; lastKnownFileType = sourcecode.swift; path = SettingsViewModel.swift; sourceTree = "<group>"; };
/* End PBXFileReference section */

/* Begin PBXFrameworksBuildPhase section */
		EB22DFD22C30112F00EB0DDD /* Frameworks */ = {
			isa = PBXFrameworksBuildPhase;
			buildActionMask = 2147483647;
			files = (
			);
			runOnlyForDeploymentPostprocessing = 0;
		};
		EB22DFE42C30113200EB0DDD /* Frameworks */ = {
			isa = PBXFrameworksBuildPhase;
			buildActionMask = 2147483647;
			files = (
			);
			runOnlyForDeploymentPostprocessing = 0;
		};
		EB22DFEE2C30113200EB0DDD /* Frameworks */ = {
			isa = PBXFrameworksBuildPhase;
			buildActionMask = 2147483647;
			files = (
			);
			runOnlyForDeploymentPostprocessing = 0;
		};
/* End PBXFrameworksBuildPhase section */

/* Begin PBXGroup section */
		EB22DFC82C30112F00EB0DDD = {
			isa = PBXGroup;
			children = (
				EB22DFD92C30112F00EB0DDD /* SetPoint Watch App */,
				EB22DFEA2C30113200EB0DDD /* SetPoint Watch AppTests */,
				EB22DFF42C30113200EB0DDD /* SetPoint Watch AppUITests */,
				EB22DFD02C30112F00EB0DDD /* Products */,
			);
			sourceTree = "<group>";
		};
		EB22DFD02C30112F00EB0DDD /* Products */ = {
			isa = PBXGroup;
			children = (
				EB22DFCF2C30112F00EB0DDD /* SetPoint.app */,
				EB22DFD52C30112F00EB0DDD /* SetPoint Watch App.app */,
				EB22DFE72C30113200EB0DDD /* SetPoint Watch AppTests.xctest */,
				EB22DFF12C30113200EB0DDD /* SetPoint Watch AppUITests.xctest */,
			);
			name = Products;
			sourceTree = "<group>";
		};
		EB22DFD92C30112F00EB0DDD /* SetPoint Watch App */ = {
			isa = PBXGroup;
			children = (
				EB22DFDA2C30112F00EB0DDD /* SetPointApp.swift */,
				EB22DFDC2C30112F00EB0DDD /* ContentView.swift */,
				EB0727792C31F3B90092369F /* SettingsView.swift */,
				EB22E00B2C3014B500EB0DDD /* Player.swift */,
				EB22E0152C31AD3C00EB0DDD /* Point.swift */,
				EB22E0112C30A1A400EB0DDD /* EndedSet.swift */,
				EB22E00D2C30365300EB0DDD /* Match.swift */,
				EBB5695F2C341BF600B050EB /* SettingsViewModel.swift */,
				EB22DFDE2C30113200EB0DDD /* Assets.xcassets */,
				EB22DFE02C30113200EB0DDD /* Preview Content */,
				EB25C8C02C34A5C000DD597C /* Localizable.xcstrings */,
			);
			path = "SetPoint Watch App";
			sourceTree = "<group>";
		};
		EB22DFE02C30113200EB0DDD /* Preview Content */ = {
			isa = PBXGroup;
			children = (
				EB22DFE12C30113200EB0DDD /* Preview Assets.xcassets */,
			);
			path = "Preview Content";
			sourceTree = "<group>";
		};
		EB22DFEA2C30113200EB0DDD /* SetPoint Watch AppTests */ = {
			isa = PBXGroup;
			children = (
				EB22E0132C31AB2200EB0DDD /* PlayerTests.swift */,
				EB22DFEB2C30113200EB0DDD /* MatchTests.swift */,
			);
			path = "SetPoint Watch AppTests";
			sourceTree = "<group>";
		};
		EB22DFF42C30113200EB0DDD /* SetPoint Watch AppUITests */ = {
			isa = PBXGroup;
			children = (
				EB22DFF52C30113200EB0DDD /* SetPoint_Watch_AppUITests.swift */,
				EB22DFF72C30113200EB0DDD /* SetPoint_Watch_AppUITestsLaunchTests.swift */,
			);
			path = "SetPoint Watch AppUITests";
			sourceTree = "<group>";
		};
/* End PBXGroup section */

/* Begin PBXNativeTarget section */
		EB22DFCE2C30112F00EB0DDD /* SetPoint */ = {
			isa = PBXNativeTarget;
			buildConfigurationList = EB22DFFF2C30113200EB0DDD /* Build configuration list for PBXNativeTarget "SetPoint" */;
			buildPhases = (
				EB22DFCD2C30112F00EB0DDD /* Resources */,
				EB22DFFE2C30113200EB0DDD /* Embed Watch Content */,
			);
			buildRules = (
			);
			dependencies = (
				EB22DFD82C30112F00EB0DDD /* PBXTargetDependency */,
			);
			name = SetPoint;
			productName = SetPoint;
			productReference = EB22DFCF2C30112F00EB0DDD /* SetPoint.app */;
			productType = "com.apple.product-type.application.watchapp2-container";
		};
		EB22DFD42C30112F00EB0DDD /* SetPoint Watch App */ = {
			isa = PBXNativeTarget;
			buildConfigurationList = EB22DFFB2C30113200EB0DDD /* Build configuration list for PBXNativeTarget "SetPoint Watch App" */;
			buildPhases = (
				EB22DFD12C30112F00EB0DDD /* Sources */,
				EB22DFD22C30112F00EB0DDD /* Frameworks */,
				EB22DFD32C30112F00EB0DDD /* Resources */,
			);
			buildRules = (
			);
			dependencies = (
				EB22E0102C3086FC00EB0DDD /* PBXTargetDependency */,
			);
			name = "SetPoint Watch App";
			productName = "SetPoint Watch App";
			productReference = EB22DFD52C30112F00EB0DDD /* SetPoint Watch App.app */;
			productType = "com.apple.product-type.application";
		};
		EB22DFE62C30113200EB0DDD /* SetPoint Watch AppTests */ = {
			isa = PBXNativeTarget;
			buildConfigurationList = EB22E0022C30113200EB0DDD /* Build configuration list for PBXNativeTarget "SetPoint Watch AppTests" */;
			buildPhases = (
				EB22DFE32C30113200EB0DDD /* Sources */,
				EB22DFE42C30113200EB0DDD /* Frameworks */,
				EB22DFE52C30113200EB0DDD /* Resources */,
			);
			buildRules = (
			);
			dependencies = (
				EB22DFE92C30113200EB0DDD /* PBXTargetDependency */,
			);
			name = "SetPoint Watch AppTests";
			productName = "SetPoint Watch AppTests";
			productReference = EB22DFE72C30113200EB0DDD /* SetPoint Watch AppTests.xctest */;
			productType = "com.apple.product-type.bundle.unit-test";
		};
		EB22DFF02C30113200EB0DDD /* SetPoint Watch AppUITests */ = {
			isa = PBXNativeTarget;
			buildConfigurationList = EB22E0052C30113200EB0DDD /* Build configuration list for PBXNativeTarget "SetPoint Watch AppUITests" */;
			buildPhases = (
				EB22DFED2C30113200EB0DDD /* Sources */,
				EB22DFEE2C30113200EB0DDD /* Frameworks */,
				EB22DFEF2C30113200EB0DDD /* Resources */,
			);
			buildRules = (
			);
			dependencies = (
				EB22DFF32C30113200EB0DDD /* PBXTargetDependency */,
			);
			name = "SetPoint Watch AppUITests";
			productName = "SetPoint Watch AppUITests";
			productReference = EB22DFF12C30113200EB0DDD /* SetPoint Watch AppUITests.xctest */;
			productType = "com.apple.product-type.bundle.ui-testing";
		};
/* End PBXNativeTarget section */

/* Begin PBXProject section */
		EB22DFC92C30112F00EB0DDD /* Project object */ = {
			isa = PBXProject;
			attributes = {
				BuildIndependentTargetsInParallel = 1;
				LastSwiftUpdateCheck = 1500;
				LastUpgradeCheck = 1500;
				TargetAttributes = {
					EB22DFCE2C30112F00EB0DDD = {
						CreatedOnToolsVersion = 15.0;
					};
					EB22DFD42C30112F00EB0DDD = {
						CreatedOnToolsVersion = 15.0;
					};
					EB22DFE62C30113200EB0DDD = {
						CreatedOnToolsVersion = 15.0;
						TestTargetID = EB22DFD42C30112F00EB0DDD;
					};
					EB22DFF02C30113200EB0DDD = {
						CreatedOnToolsVersion = 15.0;
						TestTargetID = EB22DFD42C30112F00EB0DDD;
					};
				};
			};
			buildConfigurationList = EB22DFCC2C30112F00EB0DDD /* Build configuration list for PBXProject "SetPoint" */;
			compatibilityVersion = "Xcode 14.0";
			developmentRegion = en;
			hasScannedForEncodings = 0;
			knownRegions = (
				en,
				Base,
				it,
			);
			mainGroup = EB22DFC82C30112F00EB0DDD;
			packageReferences = (
				EB22E0082C30138700EB0DDD /* XCRemoteSwiftPackageReference "SwiftLint" */,
			);
			productRefGroup = EB22DFD02C30112F00EB0DDD /* Products */;
			projectDirPath = "";
			projectRoot = "";
			targets = (
				EB22DFCE2C30112F00EB0DDD /* SetPoint */,
				EB22DFD42C30112F00EB0DDD /* SetPoint Watch App */,
				EB22DFE62C30113200EB0DDD /* SetPoint Watch AppTests */,
				EB22DFF02C30113200EB0DDD /* SetPoint Watch AppUITests */,
			);
		};
/* End PBXProject section */

/* Begin PBXResourcesBuildPhase section */
		EB22DFCD2C30112F00EB0DDD /* Resources */ = {
			isa = PBXResourcesBuildPhase;
			buildActionMask = 2147483647;
			files = (
			);
			runOnlyForDeploymentPostprocessing = 0;
		};
		EB22DFD32C30112F00EB0DDD /* Resources */ = {
			isa = PBXResourcesBuildPhase;
			buildActionMask = 2147483647;
			files = (
				EB22DFE22C30113200EB0DDD /* Preview Assets.xcassets in Resources */,
				EB22DFDF2C30113200EB0DDD /* Assets.xcassets in Resources */,
				EB25C8C12C34A5C000DD597C /* Localizable.xcstrings in Resources */,
			);
			runOnlyForDeploymentPostprocessing = 0;
		};
		EB22DFE52C30113200EB0DDD /* Resources */ = {
			isa = PBXResourcesBuildPhase;
			buildActionMask = 2147483647;
			files = (
			);
			runOnlyForDeploymentPostprocessing = 0;
		};
		EB22DFEF2C30113200EB0DDD /* Resources */ = {
			isa = PBXResourcesBuildPhase;
			buildActionMask = 2147483647;
			files = (
			);
			runOnlyForDeploymentPostprocessing = 0;
		};
/* End PBXResourcesBuildPhase section */

/* Begin PBXSourcesBuildPhase section */
		EB22DFD12C30112F00EB0DDD /* Sources */ = {
			isa = PBXSourcesBuildPhase;
			buildActionMask = 2147483647;
			files = (
				EB07277A2C31F3B90092369F /* SettingsView.swift in Sources */,
				EB22DFDD2C30112F00EB0DDD /* ContentView.swift in Sources */,
				EB22E00C2C3014B500EB0DDD /* Player.swift in Sources */,
				EB22E0162C31AD3C00EB0DDD /* Point.swift in Sources */,
				EB22DFDB2C30112F00EB0DDD /* SetPointApp.swift in Sources */,
				EB22E00E2C30365300EB0DDD /* Match.swift in Sources */,
				EB22E0122C30A1A400EB0DDD /* EndedSet.swift in Sources */,
				EBB569602C341BF600B050EB /* SettingsViewModel.swift in Sources */,
			);
			runOnlyForDeploymentPostprocessing = 0;
		};
		EB22DFE32C30113200EB0DDD /* Sources */ = {
			isa = PBXSourcesBuildPhase;
			buildActionMask = 2147483647;
			files = (
				EB22E0142C31AB2200EB0DDD /* PlayerTests.swift in Sources */,
				EB22DFEC2C30113200EB0DDD /* MatchTests.swift in Sources */,
			);
			runOnlyForDeploymentPostprocessing = 0;
		};
		EB22DFED2C30113200EB0DDD /* Sources */ = {
			isa = PBXSourcesBuildPhase;
			buildActionMask = 2147483647;
			files = (
				EB22DFF82C30113200EB0DDD /* SetPoint_Watch_AppUITestsLaunchTests.swift in Sources */,
				EB22DFF62C30113200EB0DDD /* SetPoint_Watch_AppUITests.swift in Sources */,
			);
			runOnlyForDeploymentPostprocessing = 0;
		};
/* End PBXSourcesBuildPhase section */

/* Begin PBXTargetDependency section */
		EB22DFD82C30112F00EB0DDD /* PBXTargetDependency */ = {
			isa = PBXTargetDependency;
			target = EB22DFD42C30112F00EB0DDD /* SetPoint Watch App */;
			targetProxy = EB22DFD72C30112F00EB0DDD /* PBXContainerItemProxy */;
		};
		EB22DFE92C30113200EB0DDD /* PBXTargetDependency */ = {
			isa = PBXTargetDependency;
			target = EB22DFD42C30112F00EB0DDD /* SetPoint Watch App */;
			targetProxy = EB22DFE82C30113200EB0DDD /* PBXContainerItemProxy */;
		};
		EB22DFF32C30113200EB0DDD /* PBXTargetDependency */ = {
			isa = PBXTargetDependency;
			target = EB22DFD42C30112F00EB0DDD /* SetPoint Watch App */;
			targetProxy = EB22DFF22C30113200EB0DDD /* PBXContainerItemProxy */;
		};
		EB22E0102C3086FC00EB0DDD /* PBXTargetDependency */ = {
			isa = PBXTargetDependency;
			productRef = EB22E00F2C3086FC00EB0DDD /* SwiftLintBuildToolPlugin */;
		};
/* End PBXTargetDependency section */

/* Begin XCBuildConfiguration section */
		EB22DFF92C30113200EB0DDD /* Debug */ = {
			isa = XCBuildConfiguration;
			buildSettings = {
				ALWAYS_SEARCH_USER_PATHS = NO;
				ASSETCATALOG_COMPILER_GENERATE_SWIFT_ASSET_SYMBOL_EXTENSIONS = YES;
				CLANG_ANALYZER_NONNULL = YES;
				CLANG_ANALYZER_NUMBER_OBJECT_CONVERSION = YES_AGGRESSIVE;
				CLANG_CXX_LANGUAGE_STANDARD = "gnu++20";
				CLANG_ENABLE_MODULES = YES;
				CLANG_ENABLE_OBJC_ARC = YES;
				CLANG_ENABLE_OBJC_WEAK = YES;
				CLANG_WARN_BLOCK_CAPTURE_AUTORELEASING = YES;
				CLANG_WARN_BOOL_CONVERSION = YES;
				CLANG_WARN_COMMA = YES;
				CLANG_WARN_CONSTANT_CONVERSION = YES;
				CLANG_WARN_DEPRECATED_OBJC_IMPLEMENTATIONS = YES;
				CLANG_WARN_DIRECT_OBJC_ISA_USAGE = YES_ERROR;
				CLANG_WARN_DOCUMENTATION_COMMENTS = YES;
				CLANG_WARN_EMPTY_BODY = YES;
				CLANG_WARN_ENUM_CONVERSION = YES;
				CLANG_WARN_INFINITE_RECURSION = YES;
				CLANG_WARN_INT_CONVERSION = YES;
				CLANG_WARN_NON_LITERAL_NULL_CONVERSION = YES;
				CLANG_WARN_OBJC_IMPLICIT_RETAIN_SELF = YES;
				CLANG_WARN_OBJC_LITERAL_CONVERSION = YES;
				CLANG_WARN_OBJC_ROOT_CLASS = YES_ERROR;
				CLANG_WARN_QUOTED_INCLUDE_IN_FRAMEWORK_HEADER = YES;
				CLANG_WARN_RANGE_LOOP_ANALYSIS = YES;
				CLANG_WARN_STRICT_PROTOTYPES = YES;
				CLANG_WARN_SUSPICIOUS_MOVE = YES;
				CLANG_WARN_UNGUARDED_AVAILABILITY = YES_AGGRESSIVE;
				CLANG_WARN_UNREACHABLE_CODE = YES;
				CLANG_WARN__DUPLICATE_METHOD_MATCH = YES;
				COPY_PHASE_STRIP = NO;
				DEBUG_INFORMATION_FORMAT = dwarf;
				ENABLE_STRICT_OBJC_MSGSEND = YES;
				ENABLE_TESTABILITY = YES;
				ENABLE_USER_SCRIPT_SANDBOXING = YES;
				GCC_C_LANGUAGE_STANDARD = gnu17;
				GCC_DYNAMIC_NO_PIC = NO;
				GCC_NO_COMMON_BLOCKS = YES;
				GCC_OPTIMIZATION_LEVEL = 0;
				GCC_PREPROCESSOR_DEFINITIONS = (
					"DEBUG=1",
					"$(inherited)",
				);
				GCC_WARN_64_TO_32_BIT_CONVERSION = YES;
				GCC_WARN_ABOUT_RETURN_TYPE = YES_ERROR;
				GCC_WARN_UNDECLARED_SELECTOR = YES;
				GCC_WARN_UNINITIALIZED_AUTOS = YES_AGGRESSIVE;
				GCC_WARN_UNUSED_FUNCTION = YES;
				GCC_WARN_UNUSED_VARIABLE = YES;
				LOCALIZATION_PREFERS_STRING_CATALOGS = YES;
				MTL_ENABLE_DEBUG_INFO = INCLUDE_SOURCE;
				MTL_FAST_MATH = YES;
				ONLY_ACTIVE_ARCH = YES;
				SWIFT_ACTIVE_COMPILATION_CONDITIONS = "DEBUG $(inherited)";
				SWIFT_OPTIMIZATION_LEVEL = "-Onone";
			};
			name = Debug;
		};
		EB22DFFA2C30113200EB0DDD /* Release */ = {
			isa = XCBuildConfiguration;
			buildSettings = {
				ALWAYS_SEARCH_USER_PATHS = NO;
				ASSETCATALOG_COMPILER_GENERATE_SWIFT_ASSET_SYMBOL_EXTENSIONS = YES;
				CLANG_ANALYZER_NONNULL = YES;
				CLANG_ANALYZER_NUMBER_OBJECT_CONVERSION = YES_AGGRESSIVE;
				CLANG_CXX_LANGUAGE_STANDARD = "gnu++20";
				CLANG_ENABLE_MODULES = YES;
				CLANG_ENABLE_OBJC_ARC = YES;
				CLANG_ENABLE_OBJC_WEAK = YES;
				CLANG_WARN_BLOCK_CAPTURE_AUTORELEASING = YES;
				CLANG_WARN_BOOL_CONVERSION = YES;
				CLANG_WARN_COMMA = YES;
				CLANG_WARN_CONSTANT_CONVERSION = YES;
				CLANG_WARN_DEPRECATED_OBJC_IMPLEMENTATIONS = YES;
				CLANG_WARN_DIRECT_OBJC_ISA_USAGE = YES_ERROR;
				CLANG_WARN_DOCUMENTATION_COMMENTS = YES;
				CLANG_WARN_EMPTY_BODY = YES;
				CLANG_WARN_ENUM_CONVERSION = YES;
				CLANG_WARN_INFINITE_RECURSION = YES;
				CLANG_WARN_INT_CONVERSION = YES;
				CLANG_WARN_NON_LITERAL_NULL_CONVERSION = YES;
				CLANG_WARN_OBJC_IMPLICIT_RETAIN_SELF = YES;
				CLANG_WARN_OBJC_LITERAL_CONVERSION = YES;
				CLANG_WARN_OBJC_ROOT_CLASS = YES_ERROR;
				CLANG_WARN_QUOTED_INCLUDE_IN_FRAMEWORK_HEADER = YES;
				CLANG_WARN_RANGE_LOOP_ANALYSIS = YES;
				CLANG_WARN_STRICT_PROTOTYPES = YES;
				CLANG_WARN_SUSPICIOUS_MOVE = YES;
				CLANG_WARN_UNGUARDED_AVAILABILITY = YES_AGGRESSIVE;
				CLANG_WARN_UNREACHABLE_CODE = YES;
				CLANG_WARN__DUPLICATE_METHOD_MATCH = YES;
				COPY_PHASE_STRIP = NO;
				DEBUG_INFORMATION_FORMAT = "dwarf-with-dsym";
				ENABLE_NS_ASSERTIONS = NO;
				ENABLE_STRICT_OBJC_MSGSEND = YES;
				ENABLE_USER_SCRIPT_SANDBOXING = YES;
				GCC_C_LANGUAGE_STANDARD = gnu17;
				GCC_NO_COMMON_BLOCKS = YES;
				GCC_WARN_64_TO_32_BIT_CONVERSION = YES;
				GCC_WARN_ABOUT_RETURN_TYPE = YES_ERROR;
				GCC_WARN_UNDECLARED_SELECTOR = YES;
				GCC_WARN_UNINITIALIZED_AUTOS = YES_AGGRESSIVE;
				GCC_WARN_UNUSED_FUNCTION = YES;
				GCC_WARN_UNUSED_VARIABLE = YES;
				LOCALIZATION_PREFERS_STRING_CATALOGS = YES;
				MTL_ENABLE_DEBUG_INFO = NO;
				MTL_FAST_MATH = YES;
				SWIFT_COMPILATION_MODE = wholemodule;
			};
			name = Release;
		};
		EB22DFFC2C30113200EB0DDD /* Debug */ = {
			isa = XCBuildConfiguration;
			buildSettings = {
				ASSETCATALOG_COMPILER_APPICON_NAME = AppIcon;
				ASSETCATALOG_COMPILER_GLOBAL_ACCENT_COLOR_NAME = AccentColor;
				CODE_SIGN_STYLE = Automatic;
				CURRENT_PROJECT_VERSION = 2;
				DEVELOPMENT_ASSET_PATHS = "\"SetPoint Watch App/Preview Content\"";
				DEVELOPMENT_TEAM = 2RQMUPJ86Z;
				ENABLE_PREVIEWS = YES;
				GENERATE_INFOPLIST_FILE = YES;
				INFOPLIST_KEY_CFBundleDisplayName = SetPoint;
				INFOPLIST_KEY_UISupportedInterfaceOrientations = "UIInterfaceOrientationPortrait UIInterfaceOrientationPortraitUpsideDown";
				INFOPLIST_KEY_WKWatchOnly = YES;
				LD_RUNPATH_SEARCH_PATHS = (
					"$(inherited)",
					"@executable_path/Frameworks",
				);
				MARKETING_VERSION = 1.0;
				PRODUCT_BUNDLE_IDENTIFIER = com.marrocumarcodeveloper.SetPoint.watchkitapp;
				PRODUCT_NAME = "$(TARGET_NAME)";
				SDKROOT = watchos;
				SKIP_INSTALL = YES;
				SWIFT_EMIT_LOC_STRINGS = YES;
				SWIFT_VERSION = 5.0;
				TARGETED_DEVICE_FAMILY = 4;
				WATCHOS_DEPLOYMENT_TARGET = 10.0;
			};
			name = Debug;
		};
		EB22DFFD2C30113200EB0DDD /* Release */ = {
			isa = XCBuildConfiguration;
			buildSettings = {
				ASSETCATALOG_COMPILER_APPICON_NAME = AppIcon;
				ASSETCATALOG_COMPILER_GLOBAL_ACCENT_COLOR_NAME = AccentColor;
				CODE_SIGN_STYLE = Automatic;
				CURRENT_PROJECT_VERSION = 2;
				DEVELOPMENT_ASSET_PATHS = "\"SetPoint Watch App/Preview Content\"";
				DEVELOPMENT_TEAM = 2RQMUPJ86Z;
				ENABLE_PREVIEWS = YES;
				GENERATE_INFOPLIST_FILE = YES;
				INFOPLIST_KEY_CFBundleDisplayName = SetPoint;
				INFOPLIST_KEY_UISupportedInterfaceOrientations = "UIInterfaceOrientationPortrait UIInterfaceOrientationPortraitUpsideDown";
				INFOPLIST_KEY_WKWatchOnly = YES;
				LD_RUNPATH_SEARCH_PATHS = (
					"$(inherited)",
					"@executable_path/Frameworks",
				);
				MARKETING_VERSION = 1.0;
				PRODUCT_BUNDLE_IDENTIFIER = com.marrocumarcodeveloper.SetPoint.watchkitapp;
				PRODUCT_NAME = "$(TARGET_NAME)";
				SDKROOT = watchos;
				SKIP_INSTALL = YES;
				SWIFT_EMIT_LOC_STRINGS = YES;
				SWIFT_VERSION = 5.0;
				TARGETED_DEVICE_FAMILY = 4;
				VALIDATE_PRODUCT = YES;
				WATCHOS_DEPLOYMENT_TARGET = 10.0;
			};
			name = Release;
		};
		EB22E0002C30113200EB0DDD /* Debug */ = {
			isa = XCBuildConfiguration;
			buildSettings = {
				ALWAYS_EMBED_SWIFT_STANDARD_LIBRARIES = YES;
				CODE_SIGN_STYLE = Automatic;
				CURRENT_PROJECT_VERSION = 2;
				DEVELOPMENT_TEAM = 2RQMUPJ86Z;
				INFOPLIST_KEY_CFBundleDisplayName = SetPoint;
				MARKETING_VERSION = 1.0;
				PRODUCT_BUNDLE_IDENTIFIER = com.marrocumarcodeveloper.SetPoint;
				PRODUCT_NAME = "$(TARGET_NAME)";
				SDKROOT = iphoneos;
				SWIFT_VERSION = 5.0;
			};
			name = Debug;
		};
		EB22E0012C30113200EB0DDD /* Release */ = {
			isa = XCBuildConfiguration;
			buildSettings = {
				ALWAYS_EMBED_SWIFT_STANDARD_LIBRARIES = YES;
				CODE_SIGN_STYLE = Automatic;
				CURRENT_PROJECT_VERSION = 2;
				DEVELOPMENT_TEAM = 2RQMUPJ86Z;
				INFOPLIST_KEY_CFBundleDisplayName = SetPoint;
				MARKETING_VERSION = 1.0;
				PRODUCT_BUNDLE_IDENTIFIER = com.marrocumarcodeveloper.SetPoint;
				PRODUCT_NAME = "$(TARGET_NAME)";
				SDKROOT = iphoneos;
				SWIFT_VERSION = 5.0;
				VALIDATE_PRODUCT = YES;
			};
			name = Release;
		};
		EB22E0032C30113200EB0DDD /* Debug */ = {
			isa = XCBuildConfiguration;
			buildSettings = {
				ALWAYS_EMBED_SWIFT_STANDARD_LIBRARIES = YES;
				BUNDLE_LOADER = "$(TEST_HOST)";
				CODE_SIGN_STYLE = Automatic;
				CURRENT_PROJECT_VERSION = 1;
				DEVELOPMENT_TEAM = 2RQMUPJ86Z;
				GENERATE_INFOPLIST_FILE = YES;
				MARKETING_VERSION = 1.0;
				PRODUCT_BUNDLE_IDENTIFIER = "com.marrocumarcodeveloper.SetPoint-Watch-AppTests";
				PRODUCT_NAME = "$(TARGET_NAME)";
				SDKROOT = watchos;
				SWIFT_EMIT_LOC_STRINGS = NO;
				SWIFT_VERSION = 5.0;
				TARGETED_DEVICE_FAMILY = 4;
				TEST_HOST = "$(BUILT_PRODUCTS_DIR)/SetPoint Watch App.app/$(BUNDLE_EXECUTABLE_FOLDER_PATH)/SetPoint Watch App";
				WATCHOS_DEPLOYMENT_TARGET = 10.0;
			};
			name = Debug;
		};
		EB22E0042C30113200EB0DDD /* Release */ = {
			isa = XCBuildConfiguration;
			buildSettings = {
				ALWAYS_EMBED_SWIFT_STANDARD_LIBRARIES = YES;
				BUNDLE_LOADER = "$(TEST_HOST)";
				CODE_SIGN_STYLE = Automatic;
				CURRENT_PROJECT_VERSION = 1;
				DEVELOPMENT_TEAM = 2RQMUPJ86Z;
				GENERATE_INFOPLIST_FILE = YES;
				MARKETING_VERSION = 1.0;
				PRODUCT_BUNDLE_IDENTIFIER = "com.marrocumarcodeveloper.SetPoint-Watch-AppTests";
				PRODUCT_NAME = "$(TARGET_NAME)";
				SDKROOT = watchos;
				SWIFT_EMIT_LOC_STRINGS = NO;
				SWIFT_VERSION = 5.0;
				TARGETED_DEVICE_FAMILY = 4;
				TEST_HOST = "$(BUILT_PRODUCTS_DIR)/SetPoint Watch App.app/$(BUNDLE_EXECUTABLE_FOLDER_PATH)/SetPoint Watch App";
				VALIDATE_PRODUCT = YES;
				WATCHOS_DEPLOYMENT_TARGET = 10.0;
			};
			name = Release;
		};
		EB22E0062C30113200EB0DDD /* Debug */ = {
			isa = XCBuildConfiguration;
			buildSettings = {
				ALWAYS_EMBED_SWIFT_STANDARD_LIBRARIES = YES;
				CODE_SIGN_STYLE = Automatic;
				CURRENT_PROJECT_VERSION = 1;
				DEVELOPMENT_TEAM = 2RQMUPJ86Z;
				GENERATE_INFOPLIST_FILE = YES;
				MARKETING_VERSION = 1.0;
				PRODUCT_BUNDLE_IDENTIFIER = "com.marrocumarcodeveloper.SetPoint-Watch-AppUITests";
				PRODUCT_NAME = "$(TARGET_NAME)";
				SDKROOT = watchos;
				SWIFT_EMIT_LOC_STRINGS = NO;
				SWIFT_VERSION = 5.0;
				TARGETED_DEVICE_FAMILY = 4;
				TEST_TARGET_NAME = "SetPoint Watch App";
				WATCHOS_DEPLOYMENT_TARGET = 10.0;
			};
			name = Debug;
		};
		EB22E0072C30113200EB0DDD /* Release */ = {
			isa = XCBuildConfiguration;
			buildSettings = {
				ALWAYS_EMBED_SWIFT_STANDARD_LIBRARIES = YES;
				CODE_SIGN_STYLE = Automatic;
				CURRENT_PROJECT_VERSION = 1;
				DEVELOPMENT_TEAM = 2RQMUPJ86Z;
				GENERATE_INFOPLIST_FILE = YES;
				MARKETING_VERSION = 1.0;
				PRODUCT_BUNDLE_IDENTIFIER = "com.marrocumarcodeveloper.SetPoint-Watch-AppUITests";
				PRODUCT_NAME = "$(TARGET_NAME)";
				SDKROOT = watchos;
				SWIFT_EMIT_LOC_STRINGS = NO;
				SWIFT_VERSION = 5.0;
				TARGETED_DEVICE_FAMILY = 4;
				TEST_TARGET_NAME = "SetPoint Watch App";
				VALIDATE_PRODUCT = YES;
				WATCHOS_DEPLOYMENT_TARGET = 10.0;
			};
			name = Release;
		};
/* End XCBuildConfiguration section */

/* Begin XCConfigurationList section */
		EB22DFCC2C30112F00EB0DDD /* Build configuration list for PBXProject "SetPoint" */ = {
			isa = XCConfigurationList;
			buildConfigurations = (
				EB22DFF92C30113200EB0DDD /* Debug */,
				EB22DFFA2C30113200EB0DDD /* Release */,
			);
			defaultConfigurationIsVisible = 0;
			defaultConfigurationName = Release;
		};
		EB22DFFB2C30113200EB0DDD /* Build configuration list for PBXNativeTarget "SetPoint Watch App" */ = {
			isa = XCConfigurationList;
			buildConfigurations = (
				EB22DFFC2C30113200EB0DDD /* Debug */,
				EB22DFFD2C30113200EB0DDD /* Release */,
			);
			defaultConfigurationIsVisible = 0;
			defaultConfigurationName = Release;
		};
		EB22DFFF2C30113200EB0DDD /* Build configuration list for PBXNativeTarget "SetPoint" */ = {
			isa = XCConfigurationList;
			buildConfigurations = (
				EB22E0002C30113200EB0DDD /* Debug */,
				EB22E0012C30113200EB0DDD /* Release */,
			);
			defaultConfigurationIsVisible = 0;
			defaultConfigurationName = Release;
		};
		EB22E0022C30113200EB0DDD /* Build configuration list for PBXNativeTarget "SetPoint Watch AppTests" */ = {
			isa = XCConfigurationList;
			buildConfigurations = (
				EB22E0032C30113200EB0DDD /* Debug */,
				EB22E0042C30113200EB0DDD /* Release */,
			);
			defaultConfigurationIsVisible = 0;
			defaultConfigurationName = Release;
		};
		EB22E0052C30113200EB0DDD /* Build configuration list for PBXNativeTarget "SetPoint Watch AppUITests" */ = {
			isa = XCConfigurationList;
			buildConfigurations = (
				EB22E0062C30113200EB0DDD /* Debug */,
				EB22E0072C30113200EB0DDD /* Release */,
			);
			defaultConfigurationIsVisible = 0;
			defaultConfigurationName = Release;
		};
/* End XCConfigurationList section */

/* Begin XCRemoteSwiftPackageReference section */
		EB22E0082C30138700EB0DDD /* XCRemoteSwiftPackageReference "SwiftLint" */ = {
			isa = XCRemoteSwiftPackageReference;
			repositoryURL = "https://github.com/realm/SwiftLint.git";
			requirement = {
				kind = upToNextMajorVersion;
				minimumVersion = 0.55.1;
			};
		};
/* End XCRemoteSwiftPackageReference section */

/* Begin XCSwiftPackageProductDependency section */
		EB22E00F2C3086FC00EB0DDD /* SwiftLintBuildToolPlugin */ = {
			isa = XCSwiftPackageProductDependency;
			package = EB22E0082C30138700EB0DDD /* XCRemoteSwiftPackageReference "SwiftLint" */;
			productName = "plugin:SwiftLintBuildToolPlugin";
		};
/* End XCSwiftPackageProductDependency section */
	};
	rootObject = EB22DFC92C30112F00EB0DDD /* Project object */;
}
